{
  "nodes": {
    "apple-nerd-fonts": {
      "flake": false,
      "locked": {
        "narHash": "sha256-SeTLhl6iFkCDowM87/BTa3mnknngjKpwY89wx8rOQGU=",
        "type": "tarball",
        "url": "https://github.com/EzequielRamis/apple-nerd-fonts/releases/download/1.0/apple-nerd.tar.gz"
      },
      "original": {
        "type": "tarball",
        "url": "https://github.com/EzequielRamis/apple-nerd-fonts/releases/download/1.0/apple-nerd.tar.gz"
      }
    },
    "home-manager": {
      "inputs": {
        "nixpkgs": [
          "nixpkgs"
        ],
        "utils": "utils"
      },
      "locked": {
        "lastModified": 1681092193,
        "narHash": "sha256-JerCqqOqbT2tBnXQW4EqwFl0hHnuZp21rIQ6lu/N4rI=",
        "owner": "nix-community",
        "repo": "home-manager",
        "rev": "f9edbedaf015013eb35f8caacbe0c9666bbc16af",
        "type": "github"
      },
      "original": {
        "owner": "nix-community",
        "ref": "release-22.11",
        "repo": "home-manager",
        "type": "github"
      }
    },
    "nix-ld": {
      "inputs": {
        "nixpkgs": [
          "nixpkgs"
        ],
        "utils": "utils_2"
      },
      "locked": {
        "lastModified": 1682533818,
        "narHash": "sha256-2Fzjk3jL7rlyLjPKWy05zU8SGm04M3mbzohk51vkw3Y=",
        "owner": "Mic92",
        "repo": "nix-ld",
        "rev": "29f15b1f7e37810689974ef169496c51f6403a1b",
        "type": "github"
      },
      "original": {
        "owner": "Mic92",
        "repo": "nix-ld",
        "type": "github"
      }
    },
    "nixpkgs": {
      "locked": {
        "lastModified": 1682493015,
        "narHash": "sha256-KiMOAe8u83QDF40Z25kWMkZbqr9U+mvjvEJy5Qvw0nw=",
        "owner": "NixOS",
        "repo": "nixpkgs",
        "rev": "60c0f762658916a4a5b5a36b3e06486f8301daf4",
        "type": "github"
      },
      "original": {
        "id": "nixpkgs",
        "ref": "nixos-22.11",
        "type": "indirect"
      }
    },
    "nixpkgsUnstable": {
      "locked": {
        "lastModified": 1682453498,
        "narHash": "sha256-WoWiAd7KZt5Eh6n+qojcivaVpnXKqBsVgpixpV2L9CE=",
        "owner": "NixOS",
        "repo": "nixpkgs",
        "rev": "c8018361fa1d1650ee8d4b96294783cf564e8a7f",
        "type": "github"
      },
      "original": {
        "id": "nixpkgs",
        "ref": "nixos-unstable",
        "type": "indirect"
      }
    },
    "root": {
      "inputs": {
        "apple-nerd-fonts": "apple-nerd-fonts",
        "home-manager": "home-manager",
        "nix-ld": "nix-ld",
        "nixpkgs": "nixpkgs",
        "nixpkgsUnstable": "nixpkgsUnstable",
        "whitesur": "whitesur"
      }
    },
    "utils": {
      "locked": {
        "lastModified": 1667395993,
        "narHash": "sha256-nuEHfE/LcWyuSWnS8t12N1wc105Qtau+/OdUAjtQ0rA=",
        "owner": "numtide",
        "repo": "flake-utils",
        "rev": "5aed5285a952e0b949eb3ba02c12fa4fcfef535f",
        "type": "github"
      },
      "original": {
        "owner": "numtide",
        "repo": "flake-utils",
        "type": "github"
      }
    },
    "utils_2": {
      "locked": {
        "lastModified": 1667395993,
        "narHash": "sha256-nuEHfE/LcWyuSWnS8t12N1wc105Qtau+/OdUAjtQ0rA=",
        "owner": "numtide",
        "repo": "flake-utils",
        "rev": "5aed5285a952e0b949eb3ba02c12fa4fcfef535f",
        "type": "github"
      },
      "original": {
        "owner": "numtide",
        "repo": "flake-utils",
        "type": "github"
      }
    },
    "whitesur": {
      "flake": false,
      "locked": {
        "lastModified": 1645433122,
        "narHash": "sha256-zN1pF37pmRLbbTeg3LcaPaJ6zE1mdYbXTvJCfPpcD68=",
        "owner": "vinceliuice",
        "repo": "WhiteSur-gtk-theme",
        "rev": "3dca2b10d0a24bd111119c3eb94df512d7e067f5",
        "type": "github"
      },
      "original": {
        "owner": "vinceliuice",
        "repo": "WhiteSur-gtk-theme",
        "rev": "3dca2b10d0a24bd111119c3eb94df512d7e067f5",
        "type": "github"
      }
    }
  },
  "root": "root",
  "version": 7
}
