{
  "nodes": {
    "apple-nerd-fonts": {
      "flake": false,
      "locked": {
        "narHash": "sha256-SeTLhl6iFkCDowM87/BTa3mnknngjKpwY89wx8rOQGU=",
        "type": "tarball",
        "url": "https://github.com/EzequielRamis/apple-nerd-fonts/releases/download/1.0/apple-nerd.tar.gz"
      },
      "original": {
        "type": "tarball",
        "url": "https://github.com/EzequielRamis/apple-nerd-fonts/releases/download/1.0/apple-nerd.tar.gz"
      }
    },
    "home-manager": {
      "inputs": {
        "nixpkgs": [
          "nixpkgs"
        ],
        "utils": "utils"
      },
      "locked": {
        "lastModified": 1672244468,
        "narHash": "sha256-xaZb8AZqoXRCSqPusCk4ouf+fUNP8UJdafmMTF1Ltlw=",
        "owner": "nix-community",
        "repo": "home-manager",
        "rev": "89a8ba0b5b43b3350ff2e3ef37b66736b2ef8706",
        "type": "github"
      },
      "original": {
        "owner": "nix-community",
        "ref": "release-22.11",
        "repo": "home-manager",
        "type": "github"
      }
    },
    "nixpkgs": {
      "locked": {
        "lastModified": 1673704454,
        "narHash": "sha256-5Wdj1MgdOgn3+dMFIBtg+IAYZApjF8JzwLWDPieg0C4=",
        "owner": "NixOS",
        "repo": "nixpkgs",
        "rev": "a83ed85c14fcf242653df6f4b0974b7e1c73c6c6",
        "type": "github"
      },
      "original": {
        "id": "nixpkgs",
        "ref": "nixos-22.11",
        "type": "indirect"
      }
    },
    "nixpkgsUnstable": {
      "locked": {
        "lastModified": 1675273418,
        "narHash": "sha256-tpYc4TEGvDzh9uRf44QemyQ4TpVuUbxb07b2P99XDbM=",
        "owner": "NixOS",
        "repo": "nixpkgs",
        "rev": "4d7c2644dbac9cf8282c0afe68fca8f0f3e7b2db",
        "type": "github"
      },
      "original": {
        "id": "nixpkgs",
        "ref": "nixos-unstable",
        "type": "indirect"
      }
    },
    "root": {
      "inputs": {
        "apple-nerd-fonts": "apple-nerd-fonts",
        "home-manager": "home-manager",
        "nixpkgs": "nixpkgs",
        "nixpkgsUnstable": "nixpkgsUnstable",
        "whitesur": "whitesur"
      }
    },
    "utils": {
      "locked": {
        "lastModified": 1667395993,
        "narHash": "sha256-nuEHfE/LcWyuSWnS8t12N1wc105Qtau+/OdUAjtQ0rA=",
        "owner": "numtide",
        "repo": "flake-utils",
        "rev": "5aed5285a952e0b949eb3ba02c12fa4fcfef535f",
        "type": "github"
      },
      "original": {
        "owner": "numtide",
        "repo": "flake-utils",
        "type": "github"
      }
    },
    "whitesur": {
      "flake": false,
      "locked": {
        "lastModified": 1645433122,
        "narHash": "sha256-zN1pF37pmRLbbTeg3LcaPaJ6zE1mdYbXTvJCfPpcD68=",
        "owner": "vinceliuice",
        "repo": "WhiteSur-gtk-theme",
        "rev": "3dca2b10d0a24bd111119c3eb94df512d7e067f5",
        "type": "github"
      },
      "original": {
        "owner": "vinceliuice",
        "repo": "WhiteSur-gtk-theme",
        "rev": "3dca2b10d0a24bd111119c3eb94df512d7e067f5",
        "type": "github"
      }
    }
  },
  "root": "root",
  "version": 7
}
