{
  "nodes": {
    "catppuccin": {
      "inputs": {
        "nixpkgs": "nixpkgs"
      },
      "locked": {
        "lastModified": 1765990358,
        "narHash": "sha256-l8x0gU8mnYaGMl+gWrsSHKBJlZWD8KXJfHTkRlFiPI0=",
        "owner": "catppuccin",
        "repo": "nix",
        "rev": "de1b60ca45a578f59f7d84c8d338b346017b2161",
        "type": "github"
      },
      "original": {
        "owner": "catppuccin",
        "repo": "nix",
        "type": "github"
      }
    },
    "flake-parts": {
      "inputs": {
        "nixpkgs-lib": [
          "nixvim",
          "nixpkgs"
        ]
      },
      "locked": {
        "lastModified": 1765835352,
        "narHash": "sha256-XswHlK/Qtjasvhd1nOa1e8MgZ8GS//jBoTqWtrS1Giw=",
        "owner": "hercules-ci",
        "repo": "flake-parts",
        "rev": "a34fae9c08a15ad73f295041fec82323541400a9",
        "type": "github"
      },
      "original": {
        "owner": "hercules-ci",
        "repo": "flake-parts",
        "type": "github"
      }
    },
    "home-manager": {
      "inputs": {
        "nixpkgs": [
          "nixpkgs"
        ]
      },
      "locked": {
        "lastModified": 1766939453,
        "narHash": "sha256-wYkmpaD4zDLydwsqsBIip90X/eLWiYwncoo3qxm3gHE=",
        "owner": "nix-community",
        "repo": "home-manager",
        "rev": "3613abcbd7cf373a59b7f582260ca6b7bd703eaf",
        "type": "github"
      },
      "original": {
        "owner": "nix-community",
        "repo": "home-manager",
        "type": "github"
      }
    },
    "nix-darwin": {
      "inputs": {
        "nixpkgs": [
          "nixpkgs"
        ]
      },
      "locked": {
        "lastModified": 1766784396,
        "narHash": "sha256-rIlgatT0JtwxsEpzq+UrrIJCRfVAXgbYPzose1DmAcM=",
        "owner": "nix-darwin",
        "repo": "nix-darwin",
        "rev": "f0c8e1f6feb562b5db09cee9fb566a2f989e6b55",
        "type": "github"
      },
      "original": {
        "owner": "nix-darwin",
        "ref": "master",
        "repo": "nix-darwin",
        "type": "github"
      }
    },
    "nixpkgs": {
      "locked": {
        "lastModified": 1763966396,
        "narHash": "sha256-6eeL1YPcY1MV3DDStIDIdy/zZCDKgHdkCmsrLJFiZf0=",
        "owner": "NixOS",
        "repo": "nixpkgs",
        "rev": "5ae3b07d8d6527c42f17c876e404993199144b6a",
        "type": "github"
      },
      "original": {
        "owner": "NixOS",
        "ref": "nixos-unstable",
        "repo": "nixpkgs",
        "type": "github"
      }
    },
    "nixpkgs_2": {
      "locked": {
        "lastModified": 1765978948,
        "narHash": "sha256-GOc4kDz9QxOFlg1EKjIq2zSoOfjXQ0qjHIOzaxt29no=",
        "owner": "nixos",
        "repo": "nixpkgs",
        "rev": "3c9922cd1a959342b353453573d36cf6eb655301",
        "type": "github"
      },
      "original": {
        "owner": "nixos",
        "repo": "nixpkgs",
        "rev": "3c9922cd1a959342b353453573d36cf6eb655301",
        "type": "github"
      }
    },
    "nixvim": {
      "inputs": {
        "flake-parts": "flake-parts",
        "nixpkgs": [
          "nixpkgs"
        ],
        "systems": "systems"
      },
      "locked": {
        "lastModified": 1766918207,
        "narHash": "sha256-G/Msy+w6e6W5Z517draGcMC0Fqpl4cfutZS5ijndpyM=",
        "owner": "nix-community",
        "repo": "nixvim",
        "rev": "51ae9913767528723397e1b227bd32a080058bb5",
        "type": "github"
      },
      "original": {
        "owner": "nix-community",
        "repo": "nixvim",
        "type": "github"
      }
    },
    "nvim-hl-md": {
      "flake": false,
      "locked": {
        "lastModified": 1682765089,
        "narHash": "sha256-uGn2RcyYhla0nY9Jyn5FIcvaZjd6i9EPAQ+5UuPKumU=",
        "owner": "yaocccc",
        "repo": "nvim-hl-mdcodeblock.lua",
        "rev": "a652470bfed791d5026f6a35bacdfe90a9d8ac2f",
        "type": "github"
      },
      "original": {
        "owner": "yaocccc",
        "repo": "nvim-hl-mdcodeblock.lua",
        "type": "github"
      }
    },
    "nvim-md": {
      "flake": false,
      "locked": {
        "lastModified": 1762088067,
        "narHash": "sha256-wjYTO9WqdDEbH4L3dsHqOoeQf0y/Uo6WX94w/D4EuGU=",
        "owner": "ixru",
        "repo": "nvim-markdown",
        "rev": "37850581fdaec153ce84af677d43bf8fce60813a",
        "type": "github"
      },
      "original": {
        "owner": "ixru",
        "repo": "nvim-markdown",
        "type": "github"
      }
    },
    "root": {
      "inputs": {
        "catppuccin": "catppuccin",
        "home-manager": "home-manager",
        "nix-darwin": "nix-darwin",
        "nixpkgs": "nixpkgs_2",
        "nixvim": "nixvim",
        "nvim-hl-md": "nvim-hl-md",
        "nvim-md": "nvim-md",
        "ts-comments": "ts-comments"
      }
    },
    "systems": {
      "locked": {
        "lastModified": 1681028828,
        "narHash": "sha256-Vy1rq5AaRuLzOxct8nz4T6wlgyUR7zLU309k9mBC768=",
        "owner": "nix-systems",
        "repo": "default",
        "rev": "da67096a3b9bf56a91d16901293e51ba5b49a27e",
        "type": "github"
      },
      "original": {
        "owner": "nix-systems",
        "repo": "default",
        "type": "github"
      }
    },
    "ts-comments": {
      "flake": false,
      "locked": {
        "lastModified": 1761664561,
        "narHash": "sha256-ORK3XpHANaqvp1bfMG2GJmAiaOsLoGW82ebL/FJtKaA=",
        "owner": "folke",
        "repo": "ts-comments.nvim",
        "rev": "123a9fb12e7229342f807ec9e6de478b1102b041",
        "type": "github"
      },
      "original": {
        "owner": "folke",
        "repo": "ts-comments.nvim",
        "type": "github"
      }
    }
  },
  "root": "root",
  "version": 7
}
